{
  "name": "ufjf-dcc207-2024-3-a-trb2-trb2-caiqueguedes",
  "lockfileVersion": 3,
  "requires": true,
  "packages": {
    "": {
      "devDependencies": {
        "@types/react": "file:latest@types/react-dom@latest"
      }
    },
    "latest@types/react-dom@latest": {
      "dev": true
    },
    "node_modules/@types/react": {
      "resolved": "latest@types/react-dom@latest",
      "link": true
    }
  }
}
